{
  "name": "@blackice27/saif-skills",
  "version": "0.1.0",
  "lockfileVersion": 3,
  "requires": true,
  "packages": {
    "": {
      "name": "@blackice27/saif-skills",
      "version": "0.1.0",
      "license": "MIT",
      "bin": {
        "saif-skills": "bin/saif-skills.js"
      },
      "engines": {
        "node": ">=18"
      }
    }
  }
}
